
Microsoft Visual Studio Solution File, Format Version 12.00
# Visual Studio Version 16
VisualStudioVersion = 16.0.34114.132
MinimumVisualStudioVersion = 10.0.40219.1
Project("{FAE04EC0-301F-11D3-BF4B-00C04F79EFBC}") = "Purchase", "Purchase.csproj", "{985B6AC6-A1CC-46F7-8E0F-D471462B5246}"
EndProject
Global
	GlobalSection(SolutionConfigurationPlatforms) = preSolution
		Debug|Any CPU = Debug|Any CPU
		Release|Any CPU = Release|Any CPU
	EndGlobalSection
	GlobalSection(ProjectConfigurationPlatforms) = postSolution
		{985B6AC6-A1CC-46F7-8E0F-D471462B5246}.Debug|Any CPU.ActiveCfg = Debug|Any CPU
		{985B6AC6-A1CC-46F7-8E0F-D471462B5246}.Debug|Any CPU.Build.0 = Debug|Any CPU
		{985B6AC6-A1CC-46F7-8E0F-D471462B5246}.Release|Any CPU.ActiveCfg = Release|Any CPU
		{985B6AC6-A1CC-46F7-8E0F-D471462B5246}.Release|Any CPU.Build.0 = Release|Any CPU
	EndGlobalSection
	GlobalSection(SolutionProperties) = preSolution
		HideSolutionNode = FALSE
	EndGlobalSection
	GlobalSection(ExtensibilityGlobals) = postSolution
		SolutionGuid = {6536AD7F-A262-43B7-8613-C3351D7F815A}
	EndGlobalSection
EndGlobal
